
Microsoft Visual Studio Solution File, Format Version 12.00
# Visual Studio Version 16
VisualStudioVersion = 16.0.29201.188
MinimumVisualStudioVersion = 10.0.40219.1
Project("{FAE04EC0-301F-11D3-BF4B-00C04F79EFBC}") = "EditWithInspectro", "EditWithInspectro\EditWithInspectro.csproj", "{EBF958D7-9970-44EC-BF33-101163CFD0D8}"
EndProject
Global
	GlobalSection(SolutionConfigurationPlatforms) = preSolution
		Debug|Any CPU = Debug|Any CPU
		Release|Any CPU = Release|Any CPU
	EndGlobalSection
	GlobalSection(ProjectConfigurationPlatforms) = postSolution
		{EBF958D7-9970-44EC-BF33-101163CFD0D8}.Debug|Any CPU.ActiveCfg = Debug|Any CPU
		{EBF958D7-9970-44EC-BF33-101163CFD0D8}.Debug|Any CPU.Build.0 = Debug|Any CPU
		{EBF958D7-9970-44EC-BF33-101163CFD0D8}.Release|Any CPU.ActiveCfg = Release|Any CPU
		{EBF958D7-9970-44EC-BF33-101163CFD0D8}.Release|Any CPU.Build.0 = Release|Any CPU
	EndGlobalSection
	GlobalSection(SolutionProperties) = preSolution
		HideSolutionNode = FALSE
	EndGlobalSection
	GlobalSection(ExtensibilityGlobals) = postSolution
		SolutionGuid = {E7823EF4-3C88-4544-B66E-2E61251BDE03}
	EndGlobalSection
EndGlobal
